
Microsoft Visual Studio Solution File, Format Version 12.00
# Visual Studio Version 17
VisualStudioVersion = 17.4.33122.133
MinimumVisualStudioVersion = 10.0.40219.1
Project("{FAE04EC0-301F-11D3-BF4B-00C04F79EFBC}") = "Shop", "Shop\Shop.csproj", "{A8FDDCC9-8C65-4341-B958-67B01390A6B1}"
EndProject
Global
	GlobalSection(SolutionConfigurationPlatforms) = preSolution
		Debug|Any CPU = Debug|Any CPU
		Release|Any CPU = Release|Any CPU
	EndGlobalSection
	GlobalSection(ProjectConfigurationPlatforms) = postSolution
		{A8FDDCC9-8C65-4341-B958-67B01390A6B1}.Debug|Any CPU.ActiveCfg = Debug|Any CPU
		{A8FDDCC9-8C65-4341-B958-67B01390A6B1}.Debug|Any CPU.Build.0 = Debug|Any CPU
		{A8FDDCC9-8C65-4341-B958-67B01390A6B1}.Release|Any CPU.ActiveCfg = Release|Any CPU
		{A8FDDCC9-8C65-4341-B958-67B01390A6B1}.Release|Any CPU.Build.0 = Release|Any CPU
	EndGlobalSection
	GlobalSection(SolutionProperties) = preSolution
		HideSolutionNode = FALSE
	EndGlobalSection
	GlobalSection(ExtensibilityGlobals) = postSolution
		SolutionGuid = {A8835AF1-6759-4997-985E-2B16A8952F65}
	EndGlobalSection
EndGlobal
